
Microsoft Visual Studio Solution File, Format Version 12.00
# Visual Studio 15
VisualStudioVersion = 15.0.28307.539
MinimumVisualStudioVersion = 10.0.40219.1
Project("{FAE04EC0-301F-11D3-BF4B-00C04F79EFBC}") = "IPTP", "IPTP\IPTP.csproj", "{5604919D-4BD8-4203-B01B-227D76228123}"
EndProject
Global
	GlobalSection(SolutionConfigurationPlatforms) = preSolution
		Debug|Any CPU = Debug|Any CPU
		Release|Any CPU = Release|Any CPU
	EndGlobalSection
	GlobalSection(ProjectConfigurationPlatforms) = postSolution
		{5604919D-4BD8-4203-B01B-227D76228123}.Debug|Any CPU.ActiveCfg = Debug|Any CPU
		{5604919D-4BD8-4203-B01B-227D76228123}.Debug|Any CPU.Build.0 = Debug|Any CPU
		{5604919D-4BD8-4203-B01B-227D76228123}.Release|Any CPU.ActiveCfg = Release|Any CPU
		{5604919D-4BD8-4203-B01B-227D76228123}.Release|Any CPU.Build.0 = Release|Any CPU
	EndGlobalSection
	GlobalSection(SolutionProperties) = preSolution
		HideSolutionNode = FALSE
	EndGlobalSection
	GlobalSection(ExtensibilityGlobals) = postSolution
		SolutionGuid = {D0044443-ACE3-45C5-AEF8-ADEFB8F05118}
	EndGlobalSection
EndGlobal
